{
    "requires": true,
    "lockfileVersion": 1,
    "dependencies": {
        "@jkryszto/mdb-for-laravel": {
            "version": "1.0.0",
            "resolved": "https://registry.npmjs.org/@jkryszto/mdb-for-laravel/-/mdb-for-laravel-1.0.0.tgz",
            "integrity": "sha512-ZPGvHN8uVoFHzVFtstB1L4v+aWqXQCYzVFNTxo6oxlDxRkpumUd9cuwQhQientHH3E/o+JOqSQcu9wDbwqOj0Q=="
        },
        "mdb-ui-kit": {
            "version": "3.10.2",
            "resolved": "https://registry.npmjs.org/mdb-ui-kit/-/mdb-ui-kit-3.10.2.tgz",
            "integrity": "sha512-XiLNyf0Z04CoyvfbG3bQBMsib+yIGYnEoWCbKUC+QcdbUe/mM7yqeIfekKMgGhBZ1mj7nDt1nIKODmAP7gJFFA=="
        }
    }
}
